// !$*UTF8*$!
{
	archiveVersion = 1;
	classes = {
	};
	objectVersion = 46;
	objects = {

/* Begin PBXBuildFile section */
		1BD0DC367664CE600B91BC1A /* Pods_ShanePrototypeIosUITests.framework in Frameworks */ = {isa = PBXBuildFile; fileRef = 2A59752FC9F05BF9B41050C5 /* Pods_ShanePrototypeIosUITests.framework */; };
		3431E2E91DD2F7D70007A462 /* AppDelegate.swift in Sources */ = {isa = PBXBuildFile; fileRef = 3431E2E81DD2F7D70007A462 /* AppDelegate.swift */; };
		3431E2EB1DD2F7D70007A462 /* ViewController.swift in Sources */ = {isa = PBXBuildFile; fileRef = 3431E2EA1DD2F7D70007A462 /* ViewController.swift */; };
		3431E2EE1DD2F7D70007A462 /* Main.storyboard in Resources */ = {isa = PBXBuildFile; fileRef = 3431E2EC1DD2F7D70007A462 /* Main.storyboard */; };
		3431E2F01DD2F7D70007A462 /* Assets.xcassets in Resources */ = {isa = PBXBuildFile; fileRef = 3431E2EF1DD2F7D70007A462 /* Assets.xcassets */; };
		3431E2F31DD2F7D70007A462 /* LaunchScreen.storyboard in Resources */ = {isa = PBXBuildFile; fileRef = 3431E2F11DD2F7D70007A462 /* LaunchScreen.storyboard */; };
		3431E2FE1DD2F7D80007A462 /* ShanePrototypeIosTests.swift in Sources */ = {isa = PBXBuildFile; fileRef = 3431E2FD1DD2F7D80007A462 /* ShanePrototypeIosTests.swift */; };
		3431E3091DD2F7D80007A462 /* ShanePrototypeIosUITests.swift in Sources */ = {isa = PBXBuildFile; fileRef = 3431E3081DD2F7D80007A462 /* ShanePrototypeIosUITests.swift */; };
		3431E31A1DD433450007A462 /* RealmPrototypeViewController.swift in Sources */ = {isa = PBXBuildFile; fileRef = 3431E3191DD433450007A462 /* RealmPrototypeViewController.swift */; };
		34871CDB1DD43FE600C76090 /* DogModal.swift in Sources */ = {isa = PBXBuildFile; fileRef = 34871CDA1DD43FE600C76090 /* DogModal.swift */; };
		8A331BA659F28C7EB5FFE3BB /* Pods_ShanePrototypeIos.framework in Frameworks */ = {isa = PBXBuildFile; fileRef = C70EB3636ECD97BA13D91F67 /* Pods_ShanePrototypeIos.framework */; };
		F2345E79875490631D77A0EF /* Pods_ShanePrototypeIosTests.framework in Frameworks */ = {isa = PBXBuildFile; fileRef = 287B290C4019C90A5A28E517 /* Pods_ShanePrototypeIosTests.framework */; };
/* End PBXBuildFile section */

/* Begin PBXContainerItemProxy section */
		3431E2FA1DD2F7D80007A462 /* PBXContainerItemProxy */ = {
			isa = PBXContainerItemProxy;
			containerPortal = 3431E2DD1DD2F7D70007A462 /* Project object */;
			proxyType = 1;
			remoteGlobalIDString = 3431E2E41DD2F7D70007A462;
			remoteInfo = ShanePrototypeIos;
		};
		3431E3051DD2F7D80007A462 /* PBXContainerItemProxy */ = {
			isa = PBXContainerItemProxy;
			containerPortal = 3431E2DD1DD2F7D70007A462 /* Project object */;
			proxyType = 1;
			remoteGlobalIDString = 3431E2E41DD2F7D70007A462;
			remoteInfo = ShanePrototypeIos;
		};
/* End PBXContainerItemProxy section */

/* Begin PBXFileReference section */
		287B290C4019C90A5A28E517 /* Pods_ShanePrototypeIosTests.framework */ = {isa = PBXFileReference; explicitFileType = wrapper.framework; includeInIndex = 0; path = Pods_ShanePrototypeIosTests.framework; sourceTree = BUILT_PRODUCTS_DIR; };
		2A59752FC9F05BF9B41050C5 /* Pods_ShanePrototypeIosUITests.framework */ = {isa = PBXFileReference; explicitFileType = wrapper.framework; includeInIndex = 0; path = Pods_ShanePrototypeIosUITests.framework; sourceTree = BUILT_PRODUCTS_DIR; };
		3431E2E51DD2F7D70007A462 /* ShanePrototypeIos.app */ = {isa = PBXFileReference; explicitFileType = wrapper.application; includeInIndex = 0; path = ShanePrototypeIos.app; sourceTree = BUILT_PRODUCTS_DIR; };
		3431E2E81DD2F7D70007A462 /* AppDelegate.swift */ = {isa = PBXFileReference; lastKnownFileType = sourcecode.swift; path = AppDelegate.swift; sourceTree = "<group>"; };
		3431E2EA1DD2F7D70007A462 /* ViewController.swift */ = {isa = PBXFileReference; lastKnownFileType = sourcecode.swift; path = ViewController.swift; sourceTree = "<group>"; };
		3431E2ED1DD2F7D70007A462 /* Base */ = {isa = PBXFileReference; lastKnownFileType = file.storyboard; name = Base; path = Base.lproj/Main.storyboard; sourceTree = "<group>"; };
		3431E2EF1DD2F7D70007A462 /* Assets.xcassets */ = {isa = PBXFileReference; lastKnownFileType = folder.assetcatalog; path = Assets.xcassets; sourceTree = "<group>"; };
		3431E2F21DD2F7D70007A462 /* Base */ = {isa = PBXFileReference; lastKnownFileType = file.storyboard; name = Base; path = Base.lproj/LaunchScreen.storyboard; sourceTree = "<group>"; };
		3431E2F41DD2F7D70007A462 /* Info.plist */ = {isa = PBXFileReference; lastKnownFileType = text.plist.xml; path = Info.plist; sourceTree = "<group>"; };
		3431E2F91DD2F7D80007A462 /* ShanePrototypeIosTests.xctest */ = {isa = PBXFileReference; explicitFileType = wrapper.cfbundle; includeInIndex = 0; path = ShanePrototypeIosTests.xctest; sourceTree = BUILT_PRODUCTS_DIR; };
		3431E2FD1DD2F7D80007A462 /* ShanePrototypeIosTests.swift */ = {isa = PBXFileReference; lastKnownFileType = sourcecode.swift; path = ShanePrototypeIosTests.swift; sourceTree = "<group>"; };
		3431E2FF1DD2F7D80007A462 /* Info.plist */ = {isa = PBXFileReference; lastKnownFileType = text.plist.xml; path = Info.plist; sourceTree = "<group>"; };
		3431E3041DD2F7D80007A462 /* ShanePrototypeIosUITests.xctest */ = {isa = PBXFileReference; explicitFileType = wrapper.cfbundle; includeInIndex = 0; path = ShanePrototypeIosUITests.xctest; sourceTree = BUILT_PRODUCTS_DIR; };
		3431E3081DD2F7D80007A462 /* ShanePrototypeIosUITests.swift */ = {isa = PBXFileReference; lastKnownFileType = sourcecode.swift; path = ShanePrototypeIosUITests.swift; sourceTree = "<group>"; };
		3431E30A1DD2F7D80007A462 /* Info.plist */ = {isa = PBXFileReference; lastKnownFileType = text.plist.xml; path = Info.plist; sourceTree = "<group>"; };
		3431E3191DD433450007A462 /* RealmPrototypeViewController.swift */ = {isa = PBXFileReference; fileEncoding = 4; lastKnownFileType = sourcecode.swift; path = RealmPrototypeViewController.swift; sourceTree = "<group>"; };
		34871CDA1DD43FE600C76090 /* DogModal.swift */ = {isa = PBXFileReference; fileEncoding = 4; lastKnownFileType = sourcecode.swift; path = DogModal.swift; sourceTree = "<group>"; };
		69A2A60857FE4AAAD526CDD3 /* Pods-ShanePrototypeIosTests.release.xcconfig */ = {isa = PBXFileReference; includeInIndex = 1; lastKnownFileType = text.xcconfig; name = "Pods-ShanePrototypeIosTests.release.xcconfig"; path = "Pods/Target Support Files/Pods-ShanePrototypeIosTests/Pods-ShanePrototypeIosTests.release.xcconfig"; sourceTree = "<group>"; };
		7027C3184E4D034CDA2172C7 /* Pods-ShanePrototypeIosUITests.release.xcconfig */ = {isa = PBXFileReference; includeInIndex = 1; lastKnownFileType = text.xcconfig; name = "Pods-ShanePrototypeIosUITests.release.xcconfig"; path = "Pods/Target Support Files/Pods-ShanePrototypeIosUITests/Pods-ShanePrototypeIosUITests.release.xcconfig"; sourceTree = "<group>"; };
		756C8DEB2224E4DD49D736A6 /* Pods-ShanePrototypeIosUITests.debug.xcconfig */ = {isa = PBXFileReference; includeInIndex = 1; lastKnownFileType = text.xcconfig; name = "Pods-ShanePrototypeIosUITests.debug.xcconfig"; path = "Pods/Target Support Files/Pods-ShanePrototypeIosUITests/Pods-ShanePrototypeIosUITests.debug.xcconfig"; sourceTree = "<group>"; };
		B1169534955A1F6310AAF7DF /* Pods-ShanePrototypeIos.debug.xcconfig */ = {isa = PBXFileReference; includeInIndex = 1; lastKnownFileType = text.xcconfig; name = "Pods-ShanePrototypeIos.debug.xcconfig"; path = "Pods/Target Support Files/Pods-ShanePrototypeIos/Pods-ShanePrototypeIos.debug.xcconfig"; sourceTree = "<group>"; };
		C70EB3636ECD97BA13D91F67 /* Pods_ShanePrototypeIos.framework */ = {isa = PBXFileReference; explicitFileType = wrapper.framework; includeInIndex = 0; path = Pods_ShanePrototypeIos.framework; sourceTree = BUILT_PRODUCTS_DIR; };
		C90F5DBEF7222DF95F8FD629 /* Pods-ShanePrototypeIos.release.xcconfig */ = {isa = PBXFileReference; includeInIndex = 1; lastKnownFileType = text.xcconfig; name = "Pods-ShanePrototypeIos.release.xcconfig"; path = "Pods/Target Support Files/Pods-ShanePrototypeIos/Pods-ShanePrototypeIos.release.xcconfig"; sourceTree = "<group>"; };
		CA859D8C4BF3E4FC7B0409D5 /* Pods-ShanePrototypeIosTests.debug.xcconfig */ = {isa = PBXFileReference; includeInIndex = 1; lastKnownFileType = text.xcconfig; name = "Pods-ShanePrototypeIosTests.debug.xcconfig"; path = "Pods/Target Support Files/Pods-ShanePrototypeIosTests/Pods-ShanePrototypeIosTests.debug.xcconfig"; sourceTree = "<group>"; };
/* End PBXFileReference section */

/* Begin PBXFrameworksBuildPhase section */
		3431E2E21DD2F7D70007A462 /* Frameworks */ = {
			isa = PBXFrameworksBuildPhase;
			buildActionMask = 2147483647;
			files = (
				8A331BA659F28C7EB5FFE3BB /* Pods_ShanePrototypeIos.framework in Frameworks */,
			);
			runOnlyForDeploymentPostprocessing = 0;
		};
		3431E2F61DD2F7D80007A462 /* Frameworks */ = {
			isa = PBXFrameworksBuildPhase;
			buildActionMask = 2147483647;
			files = (
				F2345E79875490631D77A0EF /* Pods_ShanePrototypeIosTests.framework in Frameworks */,
			);
			runOnlyForDeploymentPostprocessing = 0;
		};
		3431E3011DD2F7D80007A462 /* Frameworks */ = {
			isa = PBXFrameworksBuildPhase;
			buildActionMask = 2147483647;
			files = (
				1BD0DC367664CE600B91BC1A /* Pods_ShanePrototypeIosUITests.framework in Frameworks */,
			);
			runOnlyForDeploymentPostprocessing = 0;
		};
/* End PBXFrameworksBuildPhase section */

/* Begin PBXGroup section */
		3431E2DC1DD2F7D70007A462 = {
			isa = PBXGroup;
			children = (
				3431E2E71DD2F7D70007A462 /* ShanePrototypeIos */,
				3431E2FC1DD2F7D80007A462 /* ShanePrototypeIosTests */,
				3431E3071DD2F7D80007A462 /* ShanePrototypeIosUITests */,
				3431E2E61DD2F7D70007A462 /* Products */,
				C3978DCD8D05B5602D53547D /* Pods */,
				8117916FE344712E30DA1850 /* Frameworks */,
			);
			sourceTree = "<group>";
		};
		3431E2E61DD2F7D70007A462 /* Products */ = {
			isa = PBXGroup;
			children = (
				3431E2E51DD2F7D70007A462 /* ShanePrototypeIos.app */,
				3431E2F91DD2F7D80007A462 /* ShanePrototypeIosTests.xctest */,
				3431E3041DD2F7D80007A462 /* ShanePrototypeIosUITests.xctest */,
			);
			name = Products;
			sourceTree = "<group>";
		};
		3431E2E71DD2F7D70007A462 /* ShanePrototypeIos */ = {
			isa = PBXGroup;
			children = (
				34871CD91DD43FC600C76090 /* Modals */,
				3431E3161DD2FAB90007A462 /* Controllers */,
				3431E2E81DD2F7D70007A462 /* AppDelegate.swift */,
				3431E2EA1DD2F7D70007A462 /* ViewController.swift */,
				3431E2EC1DD2F7D70007A462 /* Main.storyboard */,
				3431E2EF1DD2F7D70007A462 /* Assets.xcassets */,
				3431E2F11DD2F7D70007A462 /* LaunchScreen.storyboard */,
				3431E2F41DD2F7D70007A462 /* Info.plist */,
			);
			path = ShanePrototypeIos;
			sourceTree = "<group>";
		};
		3431E2FC1DD2F7D80007A462 /* ShanePrototypeIosTests */ = {
			isa = PBXGroup;
			children = (
				3431E2FD1DD2F7D80007A462 /* ShanePrototypeIosTests.swift */,
				3431E2FF1DD2F7D80007A462 /* Info.plist */,
			);
			path = ShanePrototypeIosTests;
			sourceTree = "<group>";
		};
		3431E3071DD2F7D80007A462 /* ShanePrototypeIosUITests */ = {
			isa = PBXGroup;
			children = (
				3431E3081DD2F7D80007A462 /* ShanePrototypeIosUITests.swift */,
				3431E30A1DD2F7D80007A462 /* Info.plist */,
			);
			path = ShanePrototypeIosUITests;
			sourceTree = "<group>";
		};
		3431E3161DD2FAB90007A462 /* Controllers */ = {
			isa = PBXGroup;
			children = (
				3431E3191DD433450007A462 /* RealmPrototypeViewController.swift */,
			);
			name = Controllers;
			path = controllers;
			sourceTree = "<group>";
		};
		34871CD91DD43FC600C76090 /* Modals */ = {
			isa = PBXGroup;
			children = (
				34871CDA1DD43FE600C76090 /* DogModal.swift */,
			);
			path = Modals;
			sourceTree = "<group>";
		};
		8117916FE344712E30DA1850 /* Frameworks */ = {
			isa = PBXGroup;
			children = (
				C70EB3636ECD97BA13D91F67 /* Pods_ShanePrototypeIos.framework */,
				287B290C4019C90A5A28E517 /* Pods_ShanePrototypeIosTests.framework */,
				2A59752FC9F05BF9B41050C5 /* Pods_ShanePrototypeIosUITests.framework */,
			);
			name = Frameworks;
			sourceTree = "<group>";
		};
		C3978DCD8D05B5602D53547D /* Pods */ = {
			isa = PBXGroup;
			children = (
				B1169534955A1F6310AAF7DF /* Pods-ShanePrototypeIos.debug.xcconfig */,
				C90F5DBEF7222DF95F8FD629 /* Pods-ShanePrototypeIos.release.xcconfig */,
				CA859D8C4BF3E4FC7B0409D5 /* Pods-ShanePrototypeIosTests.debug.xcconfig */,
				69A2A60857FE4AAAD526CDD3 /* Pods-ShanePrototypeIosTests.release.xcconfig */,
				756C8DEB2224E4DD49D736A6 /* Pods-ShanePrototypeIosUITests.debug.xcconfig */,
				7027C3184E4D034CDA2172C7 /* Pods-ShanePrototypeIosUITests.release.xcconfig */,
			);
			name = Pods;
			sourceTree = "<group>";
		};
/* End PBXGroup section */

/* Begin PBXNativeTarget section */
		3431E2E41DD2F7D70007A462 /* ShanePrototypeIos */ = {
			isa = PBXNativeTarget;
			buildConfigurationList = 3431E30D1DD2F7D80007A462 /* Build configuration list for PBXNativeTarget "ShanePrototypeIos" */;
			buildPhases = (
				36A9AD0B91D8A5B45E6C4CA7 /* [CP] Check Pods Manifest.lock */,
				3431E2E11DD2F7D70007A462 /* Sources */,
				3431E2E21DD2F7D70007A462 /* Frameworks */,
				3431E2E31DD2F7D70007A462 /* Resources */,
				5B3B1CC84B0EFB145C9350AD /* [CP] Embed Pods Frameworks */,
				FB572A5F47C0D91AF007234A /* [CP] Copy Pods Resources */,
			);
			buildRules = (
			);
			dependencies = (
			);
			name = ShanePrototypeIos;
			productName = ShanePrototypeIos;
			productReference = 3431E2E51DD2F7D70007A462 /* ShanePrototypeIos.app */;
			productType = "com.apple.product-type.application";
		};
		3431E2F81DD2F7D80007A462 /* ShanePrototypeIosTests */ = {
			isa = PBXNativeTarget;
			buildConfigurationList = 3431E3101DD2F7D80007A462 /* Build configuration list for PBXNativeTarget "ShanePrototypeIosTests" */;
			buildPhases = (
				B303943C280B6EBCBFBDE693 /* [CP] Check Pods Manifest.lock */,
				3431E2F51DD2F7D80007A462 /* Sources */,
				3431E2F61DD2F7D80007A462 /* Frameworks */,
				3431E2F71DD2F7D80007A462 /* Resources */,
				AF2753C82FE5630B1092F705 /* [CP] Embed Pods Frameworks */,
				67F2C93A46D0C2437EF6E193 /* [CP] Copy Pods Resources */,
			);
			buildRules = (
			);
			dependencies = (
				3431E2FB1DD2F7D80007A462 /* PBXTargetDependency */,
			);
			name = ShanePrototypeIosTests;
			productName = ShanePrototypeIosTests;
			productReference = 3431E2F91DD2F7D80007A462 /* ShanePrototypeIosTests.xctest */;
			productType = "com.apple.product-type.bundle.unit-test";
		};
		3431E3031DD2F7D80007A462 /* ShanePrototypeIosUITests */ = {
			isa = PBXNativeTarget;
			buildConfigurationList = 3431E3131DD2F7D80007A462 /* Build configuration list for PBXNativeTarget "ShanePrototypeIosUITests" */;
			buildPhases = (
				DE81EDA141C1C9E963D4919F /* [CP] Check Pods Manifest.lock */,
				3431E3001DD2F7D80007A462 /* Sources */,
				3431E3011DD2F7D80007A462 /* Frameworks */,
				3431E3021DD2F7D80007A462 /* Resources */,
				B20470F6E3D4271DA51E9CBC /* [CP] Embed Pods Frameworks */,
				651272EEA2F4DC9709935E3D /* [CP] Copy Pods Resources */,
			);
			buildRules = (
			);
			dependencies = (
				3431E3061DD2F7D80007A462 /* PBXTargetDependency */,
			);
			name = ShanePrototypeIosUITests;
			productName = ShanePrototypeIosUITests;
			productReference = 3431E3041DD2F7D80007A462 /* ShanePrototypeIosUITests.xctest */;
			productType = "com.apple.product-type.bundle.ui-testing";
		};
/* End PBXNativeTarget section */

/* Begin PBXProject section */
		3431E2DD1DD2F7D70007A462 /* Project object */ = {
			isa = PBXProject;
			attributes = {
				LastSwiftUpdateCheck = 0730;
				LastUpgradeCheck = 0730;
				ORGANIZATIONNAME = Shane;
				TargetAttributes = {
					3431E2E41DD2F7D70007A462 = {
						CreatedOnToolsVersion = 7.3.1;
					};
					3431E2F81DD2F7D80007A462 = {
						CreatedOnToolsVersion = 7.3.1;
						TestTargetID = 3431E2E41DD2F7D70007A462;
					};
					3431E3031DD2F7D80007A462 = {
						CreatedOnToolsVersion = 7.3.1;
						TestTargetID = 3431E2E41DD2F7D70007A462;
					};
				};
			};
			buildConfigurationList = 3431E2E01DD2F7D70007A462 /* Build configuration list for PBXProject "ShanePrototypeIos" */;
			compatibilityVersion = "Xcode 3.2";
			developmentRegion = English;
			hasScannedForEncodings = 0;
			knownRegions = (
				en,
				Base,
			);
			mainGroup = 3431E2DC1DD2F7D70007A462;
			productRefGroup = 3431E2E61DD2F7D70007A462 /* Products */;
			projectDirPath = "";
			projectRoot = "";
			targets = (
				3431E2E41DD2F7D70007A462 /* ShanePrototypeIos */,
				3431E2F81DD2F7D80007A462 /* ShanePrototypeIosTests */,
				3431E3031DD2F7D80007A462 /* ShanePrototypeIosUITests */,
			);
		};
/* End PBXProject section */

/* Begin PBXResourcesBuildPhase section */
		3431E2E31DD2F7D70007A462 /* Resources */ = {
			isa = PBXResourcesBuildPhase;
			buildActionMask = 2147483647;
			files = (
				3431E2F31DD2F7D70007A462 /* LaunchScreen.storyboard in Resources */,
				3431E2F01DD2F7D70007A462 /* Assets.xcassets in Resources */,
				3431E2EE1DD2F7D70007A462 /* Main.storyboard in Resources */,
			);
			runOnlyForDeploymentPostprocessing = 0;
		};
		3431E2F71DD2F7D80007A462 /* Resources */ = {
			isa = PBXResourcesBuildPhase;
			buildActionMask = 2147483647;
			files = (
			);
			runOnlyForDeploymentPostprocessing = 0;
		};
		3431E3021DD2F7D80007A462 /* Resources */ = {
			isa = PBXResourcesBuildPhase;
			buildActionMask = 2147483647;
			files = (
			);
			runOnlyForDeploymentPostprocessing = 0;
		};
/* End PBXResourcesBuildPhase section */

/* Begin PBXShellScriptBuildPhase section */
		36A9AD0B91D8A5B45E6C4CA7 /* [CP] Check Pods Manifest.lock */ = {
			isa = PBXShellScriptBuildPhase;
			buildActionMask = 2147483647;
			files = (
			);
			inputPaths = (
			);
			name = "[CP] Check Pods Manifest.lock";
			outputPaths = (
			);
			runOnlyForDeploymentPostprocessing = 0;
			shellPath = /bin/sh;
			shellScript = "diff \"${PODS_ROOT}/../Podfile.lock\" \"${PODS_ROOT}/Manifest.lock\" > /dev/null\nif [ $? != 0 ] ; then\n    # print error to STDERR\n    echo \"error: The sandbox is not in sync with the Podfile.lock. Run 'pod install' or update your CocoaPods installation.\" >&2\n    exit 1\nfi\n";
			showEnvVarsInLog = 0;
		};
		5B3B1CC84B0EFB145C9350AD /* [CP] Embed Pods Frameworks */ = {
			isa = PBXShellScriptBuildPhase;
			buildActionMask = 2147483647;
			files = (
			);
			inputPaths = (
			);
			name = "[CP] Embed Pods Frameworks";
			outputPaths = (
			);
			runOnlyForDeploymentPostprocessing = 0;
			shellPath = /bin/sh;
			shellScript = "\"${SRCROOT}/Pods/Target Support Files/Pods-ShanePrototypeIos/Pods-ShanePrototypeIos-frameworks.sh\"\n";
			showEnvVarsInLog = 0;
		};
		651272EEA2F4DC9709935E3D /* [CP] Copy Pods Resources */ = {
			isa = PBXShellScriptBuildPhase;
			buildActionMask = 2147483647;
			files = (
			);
			inputPaths = (
			);
			name = "[CP] Copy Pods Resources";
			outputPaths = (
			);
			runOnlyForDeploymentPostprocessing = 0;
			shellPath = /bin/sh;
			shellScript = "\"${SRCROOT}/Pods/Target Support Files/Pods-ShanePrototypeIosUITests/Pods-ShanePrototypeIosUITests-resources.sh\"\n";
			showEnvVarsInLog = 0;
		};
		67F2C93A46D0C2437EF6E193 /* [CP] Copy Pods Resources */ = {
			isa = PBXShellScriptBuildPhase;
			buildActionMask = 2147483647;
			files = (
			);
			inputPaths = (
			);
			name = "[CP] Copy Pods Resources";
			outputPaths = (
			);
			runOnlyForDeploymentPostprocessing = 0;
			shellPath = /bin/sh;
			shellScript = "\"${SRCROOT}/Pods/Target Support Files/Pods-ShanePrototypeIosTests/Pods-ShanePrototypeIosTests-resources.sh\"\n";
			showEnvVarsInLog = 0;
		};
		AF2753C82FE5630B1092F705 /* [CP] Embed Pods Frameworks */ = {
			isa = PBXShellScriptBuildPhase;
			buildActionMask = 2147483647;
			files = (
			);
			inputPaths = (
			);
			name = "[CP] Embed Pods Frameworks";
			outputPaths = (
			);
			runOnlyForDeploymentPostprocessing = 0;
			shellPath = /bin/sh;
			shellScript = "\"${SRCROOT}/Pods/Target Support Files/Pods-ShanePrototypeIosTests/Pods-ShanePrototypeIosTests-frameworks.sh\"\n";
			showEnvVarsInLog = 0;
		};
		B20470F6E3D4271DA51E9CBC /* [CP] Embed Pods Frameworks */ = {
			isa = PBXShellScriptBuildPhase;
			buildActionMask = 2147483647;
			files = (
			);
			inputPaths = (
			);
			name = "[CP] Embed Pods Frameworks";
			outputPaths = (
			);
			runOnlyForDeploymentPostprocessing = 0;
			shellPath = /bin/sh;
			shellScript = "\"${SRCROOT}/Pods/Target Support Files/Pods-ShanePrototypeIosUITests/Pods-ShanePrototypeIosUITests-frameworks.sh\"\n";
			showEnvVarsInLog = 0;
		};
		B303943C280B6EBCBFBDE693 /* [CP] Check Pods Manifest.lock */ = {
			isa = PBXShellScriptBuildPhase;
			buildActionMask = 2147483647;
			files = (
			);
			inputPaths = (
			);
			name = "[CP] Check Pods Manifest.lock";
			outputPaths = (
			);
			runOnlyForDeploymentPostprocessing = 0;
			shellPath = /bin/sh;
			shellScript = "diff \"${PODS_ROOT}/../Podfile.lock\" \"${PODS_ROOT}/Manifest.lock\" > /dev/null\nif [ $? != 0 ] ; then\n    # print error to STDERR\n    echo \"error: The sandbox is not in sync with the Podfile.lock. Run 'pod install' or update your CocoaPods installation.\" >&2\n    exit 1\nfi\n";
			showEnvVarsInLog = 0;
		};
		DE81EDA141C1C9E963D4919F /* [CP] Check Pods Manifest.lock */ = {
			isa = PBXShellScriptBuildPhase;
			buildActionMask = 2147483647;
			files = (
			);
			inputPaths = (
			);
			name = "[CP] Check Pods Manifest.lock";
			outputPaths = (
			);
			runOnlyForDeploymentPostprocessing = 0;
			shellPath = /bin/sh;
			shellScript = "diff \"${PODS_ROOT}/../Podfile.lock\" \"${PODS_ROOT}/Manifest.lock\" > /dev/null\nif [ $? != 0 ] ; then\n    # print error to STDERR\n    echo \"error: The sandbox is not in sync with the Podfile.lock. Run 'pod install' or update your CocoaPods installation.\" >&2\n    exit 1\nfi\n";
			showEnvVarsInLog = 0;
		};
		FB572A5F47C0D91AF007234A /* [CP] Copy Pods Resources */ = {
			isa = PBXShellScriptBuildPhase;
			buildActionMask = 2147483647;
			files = (
			);
			inputPaths = (
			);
			name = "[CP] Copy Pods Resources";
			outputPaths = (
			);
			runOnlyForDeploymentPostprocessing = 0;
			shellPath = /bin/sh;
			shellScript = "\"${SRCROOT}/Pods/Target Support Files/Pods-ShanePrototypeIos/Pods-ShanePrototypeIos-resources.sh\"\n";
			showEnvVarsInLog = 0;
		};
/* End PBXShellScriptBuildPhase section */

/* Begin PBXSourcesBuildPhase section */
		3431E2E11DD2F7D70007A462 /* Sources */ = {
			isa = PBXSourcesBuildPhase;
			buildActionMask = 2147483647;
			files = (
				34871CDB1DD43FE600C76090 /* DogModal.swift in Sources */,
				3431E2EB1DD2F7D70007A462 /* ViewController.swift in Sources */,
				3431E2E91DD2F7D70007A462 /* AppDelegate.swift in Sources */,
				3431E31A1DD433450007A462 /* RealmPrototypeViewController.swift in Sources */,
			);
			runOnlyForDeploymentPostprocessing = 0;
		};
		3431E2F51DD2F7D80007A462 /* Sources */ = {
			isa = PBXSourcesBuildPhase;
			buildActionMask = 2147483647;
			files = (
				3431E2FE1DD2F7D80007A462 /* ShanePrototypeIosTests.swift in Sources */,
			);
			runOnlyForDeploymentPostprocessing = 0;
		};
		3431E3001DD2F7D80007A462 /* Sources */ = {
			isa = PBXSourcesBuildPhase;
			buildActionMask = 2147483647;
			files = (
				3431E3091DD2F7D80007A462 /* ShanePrototypeIosUITests.swift in Sources */,
			);
			runOnlyForDeploymentPostprocessing = 0;
		};
/* End PBXSourcesBuildPhase section */

/* Begin PBXTargetDependency section */
		3431E2FB1DD2F7D80007A462 /* PBXTargetDependency */ = {
			isa = PBXTargetDependency;
			target = 3431E2E41DD2F7D70007A462 /* ShanePrototypeIos */;
			targetProxy = 3431E2FA1DD2F7D80007A462 /* PBXContainerItemProxy */;
		};
		3431E3061DD2F7D80007A462 /* PBXTargetDependency */ = {
			isa = PBXTargetDependency;
			target = 3431E2E41DD2F7D70007A462 /* ShanePrototypeIos */;
			targetProxy = 3431E3051DD2F7D80007A462 /* PBXContainerItemProxy */;
		};
/* End PBXTargetDependency section */

/* Begin PBXVariantGroup section */
		3431E2EC1DD2F7D70007A462 /* Main.storyboard */ = {
			isa = PBXVariantGroup;
			children = (
				3431E2ED1DD2F7D70007A462 /* Base */,
			);
			name = Main.storyboard;
			sourceTree = "<group>";
		};
		3431E2F11DD2F7D70007A462 /* LaunchScreen.storyboard */ = {
			isa = PBXVariantGroup;
			children = (
				3431E2F21DD2F7D70007A462 /* Base */,
			);
			name = LaunchScreen.storyboard;
			sourceTree = "<group>";
		};
/* End PBXVariantGroup section */

/* Begin XCBuildConfiguration section */
		3431E30B1DD2F7D80007A462 /* Debug */ = {
			isa = XCBuildConfiguration;
			buildSettings = {
				ALWAYS_SEARCH_USER_PATHS = NO;
				CLANG_ANALYZER_NONNULL = YES;
				CLANG_CXX_LANGUAGE_STANDARD = "gnu++0x";
				CLANG_CXX_LIBRARY = "libc++";
				CLANG_ENABLE_MODULES = YES;
				CLANG_ENABLE_OBJC_ARC = YES;
				CLANG_WARN_BOOL_CONVERSION = YES;
				CLANG_WARN_CONSTANT_CONVERSION = YES;
				CLANG_WARN_DIRECT_OBJC_ISA_USAGE = YES_ERROR;
				CLANG_WARN_EMPTY_BODY = YES;
				CLANG_WARN_ENUM_CONVERSION = YES;
				CLANG_WARN_INT_CONVERSION = YES;
				CLANG_WARN_OBJC_ROOT_CLASS = YES_ERROR;
				CLANG_WARN_UNREACHABLE_CODE = YES;
				CLANG_WARN__DUPLICATE_METHOD_MATCH = YES;
				"CODE_SIGN_IDENTITY[sdk=iphoneos*]" = "iPhone Developer";
				COPY_PHASE_STRIP = NO;
				DEBUG_INFORMATION_FORMAT = dwarf;
				ENABLE_STRICT_OBJC_MSGSEND = YES;
				ENABLE_TESTABILITY = YES;
				GCC_C_LANGUAGE_STANDARD = gnu99;
				GCC_DYNAMIC_NO_PIC = NO;
				GCC_NO_COMMON_BLOCKS = YES;
				GCC_OPTIMIZATION_LEVEL = 0;
				GCC_PREPROCESSOR_DEFINITIONS = (
					"DEBUG=1",
					"$(inherited)",
				);
				GCC_WARN_64_TO_32_BIT_CONVERSION = YES;
				GCC_WARN_ABOUT_RETURN_TYPE = YES_ERROR;
				GCC_WARN_UNDECLARED_SELECTOR = YES;
				GCC_WARN_UNINITIALIZED_AUTOS = YES_AGGRESSIVE;
				GCC_WARN_UNUSED_FUNCTION = YES;
				GCC_WARN_UNUSED_VARIABLE = YES;
				IPHONEOS_DEPLOYMENT_TARGET = 9.3;
				MTL_ENABLE_DEBUG_INFO = YES;
				ONLY_ACTIVE_ARCH = YES;
				SDKROOT = iphoneos;
				SWIFT_OPTIMIZATION_LEVEL = "-Onone";
			};
			name = Debug;
		};
		3431E30C1DD2F7D80007A462 /* Release */ = {
			isa = XCBuildConfiguration;
			buildSettings = {
				ALWAYS_SEARCH_USER_PATHS = NO;
				CLANG_ANALYZER_NONNULL = YES;
				CLANG_CXX_LANGUAGE_STANDARD = "gnu++0x";
				CLANG_CXX_LIBRARY = "libc++";
				CLANG_ENABLE_MODULES = YES;
				CLANG_ENABLE_OBJC_ARC = YES;
				CLANG_WARN_BOOL_CONVERSION = YES;
				CLANG_WARN_CONSTANT_CONVERSION = YES;
				CLANG_WARN_DIRECT_OBJC_ISA_USAGE = YES_ERROR;
				CLANG_WARN_EMPTY_BODY = YES;
				CLANG_WARN_ENUM_CONVERSION = YES;
				CLANG_WARN_INT_CONVERSION = YES;
				CLANG_WARN_OBJC_ROOT_CLASS = YES_ERROR;
				CLANG_WARN_UNREACHABLE_CODE = YES;
				CLANG_WARN__DUPLICATE_METHOD_MATCH = YES;
				"CODE_SIGN_IDENTITY[sdk=iphoneos*]" = "iPhone Developer";
				COPY_PHASE_STRIP = NO;
				DEBUG_INFORMATION_FORMAT = "dwarf-with-dsym";
				ENABLE_NS_ASSERTIONS = NO;
				ENABLE_STRICT_OBJC_MSGSEND = YES;
				GCC_C_LANGUAGE_STANDARD = gnu99;
				GCC_NO_COMMON_BLOCKS = YES;
				GCC_WARN_64_TO_32_BIT_CONVERSION = YES;
				GCC_WARN_ABOUT_RETURN_TYPE = YES_ERROR;
				GCC_WARN_UNDECLARED_SELECTOR = YES;
				GCC_WARN_UNINITIALIZED_AUTOS = YES_AGGRESSIVE;
				GCC_WARN_UNUSED_FUNCTION = YES;
				GCC_WARN_UNUSED_VARIABLE = YES;
				IPHONEOS_DEPLOYMENT_TARGET = 9.3;
				MTL_ENABLE_DEBUG_INFO = NO;
				SDKROOT = iphoneos;
				VALIDATE_PRODUCT = YES;
			};
			name = Release;
		};
		3431E30E1DD2F7D80007A462 /* Debug */ = {
			isa = XCBuildConfiguration;
			baseConfigurationReference = B1169534955A1F6310AAF7DF /* Pods-ShanePrototypeIos.debug.xcconfig */;
			buildSettings = {
				ASSETCATALOG_COMPILER_APPICON_NAME = AppIcon;
				INFOPLIST_FILE = ShanePrototypeIos/Info.plist;
				LD_RUNPATH_SEARCH_PATHS = "$(inherited) @executable_path/Frameworks";
				PRODUCT_BUNDLE_IDENTIFIER = com.shane.ShanePrototypeIos;
				PRODUCT_NAME = "$(TARGET_NAME)";
			};
			name = Debug;
		};
		3431E30F1DD2F7D80007A462 /* Release */ = {
			isa = XCBuildConfiguration;
			baseConfigurationReference = C90F5DBEF7222DF95F8FD629 /* Pods-ShanePrototypeIos.release.xcconfig */;
			buildSettings = {
				ASSETCATALOG_COMPILER_APPICON_NAME = AppIcon;
				INFOPLIST_FILE = ShanePrototypeIos/Info.plist;
				LD_RUNPATH_SEARCH_PATHS = "$(inherited) @executable_path/Frameworks";
				PRODUCT_BUNDLE_IDENTIFIER = com.shane.ShanePrototypeIos;
				PRODUCT_NAME = "$(TARGET_NAME)";
			};
			name = Release;
		};
		3431E3111DD2F7D80007A462 /* Debug */ = {
			isa = XCBuildConfiguration;
			baseConfigurationReference = CA859D8C4BF3E4FC7B0409D5 /* Pods-ShanePrototypeIosTests.debug.xcconfig */;
			buildSettings = {
				BUNDLE_LOADER = "$(TEST_HOST)";
				INFOPLIST_FILE = ShanePrototypeIosTests/Info.plist;
				LD_RUNPATH_SEARCH_PATHS = "$(inherited) @executable_path/Frameworks @loader_path/Frameworks";
				PRODUCT_BUNDLE_IDENTIFIER = com.shane.ShanePrototypeIosTests;
				PRODUCT_NAME = "$(TARGET_NAME)";
				TEST_HOST = "$(BUILT_PRODUCTS_DIR)/ShanePrototypeIos.app/ShanePrototypeIos";
			};
			name = Debug;
		};
		3431E3121DD2F7D80007A462 /* Release */ = {
			isa = XCBuildConfiguration;
			baseConfigurationReference = 69A2A60857FE4AAAD526CDD3 /* Pods-ShanePrototypeIosTests.release.xcconfig */;
			buildSettings = {
				BUNDLE_LOADER = "$(TEST_HOST)";
				INFOPLIST_FILE = ShanePrototypeIosTests/Info.plist;
				LD_RUNPATH_SEARCH_PATHS = "$(inherited) @executable_path/Frameworks @loader_path/Frameworks";
				PRODUCT_BUNDLE_IDENTIFIER = com.shane.ShanePrototypeIosTests;
				PRODUCT_NAME = "$(TARGET_NAME)";
				TEST_HOST = "$(BUILT_PRODUCTS_DIR)/ShanePrototypeIos.app/ShanePrototypeIos";
			};
			name = Release;
		};
		3431E3141DD2F7D80007A462 /* Debug */ = {
			isa = XCBuildConfiguration;
			baseConfigurationReference = 756C8DEB2224E4DD49D736A6 /* Pods-ShanePrototypeIosUITests.debug.xcconfig */;
			buildSettings = {
				INFOPLIST_FILE = ShanePrototypeIosUITests/Info.plist;
				LD_RUNPATH_SEARCH_PATHS = "$(inherited) @executable_path/Frameworks @loader_path/Frameworks";
				PRODUCT_BUNDLE_IDENTIFIER = com.shane.ShanePrototypeIosUITests;
				PRODUCT_NAME = "$(TARGET_NAME)";
				TEST_TARGET_NAME = ShanePrototypeIos;
			};
			name = Debug;
		};
		3431E3151DD2F7D80007A462 /* Release */ = {
			isa = XCBuildConfiguration;
			baseConfigurationReference = 7027C3184E4D034CDA2172C7 /* Pods-ShanePrototypeIosUITests.release.xcconfig */;
			buildSettings = {
				INFOPLIST_FILE = ShanePrototypeIosUITests/Info.plist;
				LD_RUNPATH_SEARCH_PATHS = "$(inherited) @executable_path/Frameworks @loader_path/Frameworks";
				PRODUCT_BUNDLE_IDENTIFIER = com.shane.ShanePrototypeIosUITests;
				PRODUCT_NAME = "$(TARGET_NAME)";
				TEST_TARGET_NAME = ShanePrototypeIos;
			};
			name = Release;
		};
/* End XCBuildConfiguration section */

/* Begin XCConfigurationList section */
		3431E2E01DD2F7D70007A462 /* Build configuration list for PBXProject "ShanePrototypeIos" */ = {
			isa = XCConfigurationList;
			buildConfigurations = (
				3431E30B1DD2F7D80007A462 /* Debug */,
				3431E30C1DD2F7D80007A462 /* Release */,
			);
			defaultConfigurationIsVisible = 0;
			defaultConfigurationName = Release;
		};
		3431E30D1DD2F7D80007A462 /* Build configuration list for PBXNativeTarget "ShanePrototypeIos" */ = {
			isa = XCConfigurationList;
			buildConfigurations = (
				3431E30E1DD2F7D80007A462 /* Debug */,
				3431E30F1DD2F7D80007A462 /* Release */,
			);
			defaultConfigurationIsVisible = 0;
			defaultConfigurationName = Release;
		};
		3431E3101DD2F7D80007A462 /* Build configuration list for PBXNativeTarget "ShanePrototypeIosTests" */ = {
			isa = XCConfigurationList;
			buildConfigurations = (
				3431E3111DD2F7D80007A462 /* Debug */,
				3431E3121DD2F7D80007A462 /* Release */,
			);
			defaultConfigurationIsVisible = 0;
			defaultConfigurationName = Release;
		};
		3431E3131DD2F7D80007A462 /* Build configuration list for PBXNativeTarget "ShanePrototypeIosUITests" */ = {
			isa = XCConfigurationList;
			buildConfigurations = (
				3431E3141DD2F7D80007A462 /* Debug */,
				3431E3151DD2F7D80007A462 /* Release */,
			);
			defaultConfigurationIsVisible = 0;
			defaultConfigurationName = Release;
		};
/* End XCConfigurationList section */
	};
	rootObject = 3431E2DD1DD2F7D70007A462 /* Project object */;
}
